
Microsoft Visual Studio Solution File, Format Version 12.00
# Visual Studio 15
VisualStudioVersion = 15.0.26430.13
MinimumVisualStudioVersion = 10.0.40219.1
Project("{9A19103F-16F7-4668-BE54-9A1E7A4F7556}") = "PlaceFeedsApp", "PlaceFeedsApp\PlaceFeedsApp.csproj", "{6AFB4D2C-723D-467E-92B6-A21DD3B6E110}"
EndProject
Project("{9A19103F-16F7-4668-BE54-9A1E7A4F7556}") = "PlaceFeedsTests", "PlaceFeedsTests\PlaceFeedsTests.csproj", "{083EF8CA-53A9-4428-90EF-36B09E230BCE}"
EndProject
Project("{FAE04EC0-301F-11D3-BF4B-00C04F79EFBC}") = "PlaceFeedsServices", "PlaceFeedsServices\PlaceFeedsServices.csproj", "{88BF99FF-130D-4262-9ED1-3E395F80B339}"
EndProject
Global
	GlobalSection(SolutionConfigurationPlatforms) = preSolution
		Debug|Any CPU = Debug|Any CPU
		Release|Any CPU = Release|Any CPU
	EndGlobalSection
	GlobalSection(ProjectConfigurationPlatforms) = postSolution
		{6AFB4D2C-723D-467E-92B6-A21DD3B6E110}.Debug|Any CPU.ActiveCfg = Debug|Any CPU
		{6AFB4D2C-723D-467E-92B6-A21DD3B6E110}.Debug|Any CPU.Build.0 = Debug|Any CPU
		{6AFB4D2C-723D-467E-92B6-A21DD3B6E110}.Release|Any CPU.ActiveCfg = Release|Any CPU
		{6AFB4D2C-723D-467E-92B6-A21DD3B6E110}.Release|Any CPU.Build.0 = Release|Any CPU
		{083EF8CA-53A9-4428-90EF-36B09E230BCE}.Debug|Any CPU.ActiveCfg = Debug|Any CPU
		{083EF8CA-53A9-4428-90EF-36B09E230BCE}.Debug|Any CPU.Build.0 = Debug|Any CPU
		{083EF8CA-53A9-4428-90EF-36B09E230BCE}.Release|Any CPU.ActiveCfg = Release|Any CPU
		{083EF8CA-53A9-4428-90EF-36B09E230BCE}.Release|Any CPU.Build.0 = Release|Any CPU
		{88BF99FF-130D-4262-9ED1-3E395F80B339}.Debug|Any CPU.ActiveCfg = Debug|Any CPU
		{88BF99FF-130D-4262-9ED1-3E395F80B339}.Debug|Any CPU.Build.0 = Debug|Any CPU
		{88BF99FF-130D-4262-9ED1-3E395F80B339}.Release|Any CPU.ActiveCfg = Release|Any CPU
		{88BF99FF-130D-4262-9ED1-3E395F80B339}.Release|Any CPU.Build.0 = Release|Any CPU
	EndGlobalSection
	GlobalSection(SolutionProperties) = preSolution
		HideSolutionNode = FALSE
	EndGlobalSection
	GlobalSection(ExtensibilityGlobals) = postSolution
		SolutionGuid = {4B46808A-AFA2-45F2-B20B-0DC9E0E8A426}
	EndGlobalSection
EndGlobal
